lockfileVersion: '6.0'

settings:
  autoInstallPeers: true
  excludeLinksFromLockfile: false

devDependencies:
  '@tsconfig/node18':
    specifier: ^18.2.0
    version: 18.2.0
  '@types/node':
    specifier: ^20.4.3
    version: 20.4.3
  '@types/prompts':
    specifier: ^2.4.4
    version: 2.4.4
  kolorist:
    specifier: ^1.8.0
    version: 1.8.0
  prompts:
    specifier: ^2.4.2
    version: 2.4.2
  typescript:
    specifier: ^5.1.6
    version: 5.1.6

packages:

  /@tsconfig/node18@18.2.0:
    resolution: {integrity: sha512-yhxwIlFVSVcMym3O31HoMnRXpoenmpIxcj4Yoes2DUpe+xCJnA7ECQP1Vw889V0jTt/2nzvpLQ/UuMYCd3JPIg==}
    dev: true

  /@types/node@20.4.3:
    resolution: {integrity: sha512-Yu3+r4Mn/iY6Mf0aihncZQ1qOjOUrCiodbHHY1hds5O+7BbKp9t+Li7zLO13zO8j9L2C6euz8xsYQP0rjGvVXw==}
    dev: true

  /@types/prompts@2.4.4:
    resolution: {integrity: sha512-p5N9uoTH76lLvSAaYSZtBCdEXzpOOufsRjnhjVSrZGXikVGHX9+cc9ERtHRV4hvBKHyZb1bg4K+56Bd2TqUn4A==}
    dependencies:
      '@types/node': 20.4.3
      kleur: 3.0.3
    dev: true

  /kleur@3.0.3:
    resolution: {integrity: sha512-eTIzlVOSUR+JxdDFepEYcBMtZ9Qqdef+rnzWdRZuMbOywu5tO2w2N7rqjoANZ5k9vywhL6Br1VRjUIgTQx4E8w==}
    engines: {node: '>=6'}
    dev: true

  /kolorist@1.8.0:
    resolution: {integrity: sha512-Y+60/zizpJ3HRH8DCss+q95yr6145JXZo46OTpFvDZWLfRCE4qChOyk1b26nMaNpfHHgxagk9dXT5OP0Tfe+dQ==}
    dev: true

  /prompts@2.4.2:
    resolution: {integrity: sha512-NxNv/kLguCA7p3jE8oL2aEBsrJWgAakBpgmgK6lpPWV+WuOmY6r2/zbAVnP+T8bQlA0nzHXSJSJW0Hq7ylaD2Q==}
    engines: {node: '>= 6'}
    dependencies:
      kleur: 3.0.3
      sisteransi: 1.0.5
    dev: true

  /sisteransi@1.0.5:
    resolution: {integrity: sha512-bLGGlR1QxBcynn2d5YmDX4MGjlZvy2MRBDRNHLJ8VI6l6+9FUiyTFNJ0IveOSP0bcXgVDPRcfGqA0pjaqUpfVg==}
    dev: true

  /typescript@5.1.6:
    resolution: {integrity: sha512-zaWCozRZ6DLEWAWFrVDz1H6FVXzUSfTy5FUMWsQlU8Ym5JP9eO4xkTIROFCQvhQf61z6O/G6ugw3SgAnvvm+HA==}
    engines: {node: '>=14.17'}
    hasBin: true
    dev: true
